
Microsoft Visual Studio Solution File, Format Version 12.00
# Visual Studio Version 16
VisualStudioVersion = 16.0.31112.23
MinimumVisualStudioVersion = 10.0.40219.1
Project("{FAE04EC0-301F-11D3-BF4B-00C04F79EFBC}") = "IntuneSimple", "IntuneSimple\IntuneSimple.csproj", "{83F8DF62-BA37-463D-9D8C-2FF740540363}"
EndProject
Global
	GlobalSection(SolutionConfigurationPlatforms) = preSolution
		Debug|Any CPU = Debug|Any CPU
		Release|Any CPU = Release|Any CPU
	EndGlobalSection
	GlobalSection(ProjectConfigurationPlatforms) = postSolution
		{83F8DF62-BA37-463D-9D8C-2FF740540363}.Debug|Any CPU.ActiveCfg = Debug|Any CPU
		{83F8DF62-BA37-463D-9D8C-2FF740540363}.Debug|Any CPU.Build.0 = Debug|Any CPU
		{83F8DF62-BA37-463D-9D8C-2FF740540363}.Release|Any CPU.ActiveCfg = Release|Any CPU
		{83F8DF62-BA37-463D-9D8C-2FF740540363}.Release|Any CPU.Build.0 = Release|Any CPU
	EndGlobalSection
	GlobalSection(SolutionProperties) = preSolution
		HideSolutionNode = FALSE
	EndGlobalSection
	GlobalSection(ExtensibilityGlobals) = postSolution
		SolutionGuid = {5A651F1F-514D-4DEE-A6E1-D1484628866F}
	EndGlobalSection
EndGlobal
